version = 1
revision = 2
requires-python = ">=3.12"

[[package]]
name = "click"
version = "8.3.1"
source = { registry = "https://pypi.org/simple" }
dependencies = [
    { name = "colorama", marker = "sys_platform == 'win32'" },
]
sdist = { url = "https://files.pythonhosted.org/packages/3d/fa/656b739db8587d7b5dfa22e22ed02566950fbfbcdc20311993483657a5c0/click-8.3.1.tar.gz", hash = "sha256:12ff4785d337a1bb490bb7e9c2b1ee5da3112e94a8622f26a6c77f5d2fc6842a", size = 295065, upload-time = "2025-11-15T20:45:42.706Z" }
wheels = [
    { url = "https://files.pythonhosted.org/packages/98/78/01c019cdb5d6498122777c1a43056ebb3ebfeef2076d9d026bfe15583b2b/click-8.3.1-py3-none-any.whl", hash = "sha256:981153a64e25f12d547d3426c367a4857371575ee7ad18df2a6183ab0545b2a6", size = 108274, upload-time = "2025-11-15T20:45:41.139Z" },
]

[[package]]
name = "code-knowledge-graph"
version = "0.1.0"
source = { editable = "." }
dependencies = [
    { name = "click" },
    { name = "duckdb" },
    { name = "networkx" },
    { name = "rich" },
]

[package.metadata]
requires-dist = [
    { name = "click", specifier = ">=8.3.1" },
    { name = "duckdb", specifier = ">=1.5.0" },
    { name = "networkx", specifier = ">=3.6.1" },
    { name = "rich", specifier = ">=14.3.3" },
]

[[package]]
name = "colorama"
version = "0.4.6"
source = { registry = "https://pypi.org/simple" }
sdist = { url = "https://files.pythonhosted.org/packages/d8/53/6f443c9a4a8358a93a6792e2acffb9d9d5cb0a5cfd8802644b7b1c9a02e4/colorama-0.4.6.tar.gz", hash = "sha256:08695f5cb7ed6e0531a20572697297273c47b8cae5a63ffc6d6ed5c201be6e44", size = 27697, upload-time = "2022-10-25T02:36:22.414Z" }
wheels = [
    { url = "https://files.pythonhosted.org/packages/d1/d6/3965ed04c63042e047cb6a3e6ed1a63a35087b6a609aa3a15ed8ac56c221/colorama-0.4.6-py2.py3-none-any.whl", hash = "sha256:4f1d9991f5acc0ca119f9d443620b77f9d6b33703e51011c16baf57afb285fc6", size = 25335, upload-time = "2022-10-25T02:36:20.889Z" },
]

[[package]]
name = "duckdb"
version = "1.5.0"
source = { registry = "https://pypi.org/simple" }
sdist = { url = "https://files.pythonhosted.org/packages/ee/11/e05a7eb73a373d523e45d83c261025e02bc31ebf868e6282c30c4d02cc59/duckdb-1.5.0.tar.gz", hash = "sha256:f974b61b1c375888ee62bc3125c60ac11c4e45e4457dd1bb31a8f8d3cf277edd", size = 17981141, upload-time = "2026-03-09T12:50:26.372Z" }
wheels = [
    { url = "https://files.pythonhosted.org/packages/43/73/120e673e48ae25aaf689044c25ef51b0ea1d088563c9a2532612aea18e0a/duckdb-1.5.0-cp312-cp312-macosx_10_13_universal2.whl", hash = "sha256:9ea988d1d5c8737720d1b2852fd70e4d9e83b1601b8896a1d6d31df5e6afc7dd", size = 30057869, upload-time = "2026-03-09T12:49:14.65Z" },
    { url = "https://files.pythonhosted.org/packages/21/e9/61143471958d36d3f3e764cb4cd43330be208ddbff1c78d3310b9ee67fe8/duckdb-1.5.0-cp312-cp312-macosx_10_13_x86_64.whl", hash = "sha256:cb786d5472afc16cc3c7355eb2007172538311d6f0cc6f6a0859e84a60220375", size = 15963092, upload-time = "2026-03-09T12:49:17.478Z" },
    { url = "https://files.pythonhosted.org/packages/4f/71/76e37c9a599ad89dd944e6cbb3e6a8ad196944a421758e83adea507637b6/duckdb-1.5.0-cp312-cp312-macosx_11_0_arm64.whl", hash = "sha256:dc92b238f4122800a7592e99134124cc9048c50f766c37a0778dd2637f5cbe59", size = 14220562, upload-time = "2026-03-09T12:49:23.518Z" },
    { url = "https://files.pythonhosted.org/packages/db/b8/de1831656d5d13173e27c79c7259c8b9a7bdc314fdc8920604838ea4c46d/duckdb-1.5.0-cp312-cp312-manylinux_2_26_aarch64.manylinux_2_28_aarch64.whl", hash = "sha256:1b74cb205c21d3696d8f8b88adca401e1063d6e6f57c1c4f56a243610b086e30", size = 19245329, upload-time = "2026-03-09T12:49:26.307Z" },
    { url = "https://files.pythonhosted.org/packages/1f/8d/33d349a3bcbd3e9b7b4e904c19d5b97f058c4c20791b89a8d6323bb93dce/duckdb-1.5.0-cp312-cp312-manylinux_2_26_x86_64.manylinux_2_28_x86_64.whl", hash = "sha256:6e56c19ffd1ffe3642fa89639e71e2e00ab0cf107b62fe16e88030acaebcbde6", size = 21348041, upload-time = "2026-03-09T12:49:30.283Z" },
    { url = "https://files.pythonhosted.org/packages/e2/ec/591a4cad582fae04bc8f8b4a435eceaaaf3838cf0ca771daae16a3c2995b/duckdb-1.5.0-cp312-cp312-win_amd64.whl", hash = "sha256:86525e565ec0c43420106fd34ba2c739a54c01814d476c7fed3007c9ed6efd86", size = 13053781, upload-time = "2026-03-09T12:49:33.574Z" },
    { url = "https://files.pythonhosted.org/packages/db/62/42e0a13f9919173bec121c0ff702406e1cdd91d8084c3e0b3412508c3891/duckdb-1.5.0-cp312-cp312-win_arm64.whl", hash = "sha256:5faeebc178c986a7bfa68868a023001137a95a1110bf09b7356442a4eae0f7e7", size = 13862906, upload-time = "2026-03-09T12:49:36.598Z" },
    { url = "https://files.pythonhosted.org/packages/35/5d/af5501221f42e4e3662c047ecec4dcd0761229fceeba3c67ad4d9d8741df/duckdb-1.5.0-cp313-cp313-macosx_10_13_universal2.whl", hash = "sha256:11dd05b827846c87f0ae2f67b9ae1d60985882a7c08ce855379e4a08d5be0e1d", size = 30057396, upload-time = "2026-03-09T12:49:39.95Z" },
    { url = "https://files.pythonhosted.org/packages/43/bd/a278d73fedbd3783bf9aedb09cad4171fe8e55bd522952a84f6849522eb6/duckdb-1.5.0-cp313-cp313-macosx_10_13_x86_64.whl", hash = "sha256:5ad8d9c91b7c280ab6811f59deff554b845706c20baa28c4e8f80a95690b252b", size = 15962700, upload-time = "2026-03-09T12:49:43.504Z" },
    { url = "https://files.pythonhosted.org/packages/76/fc/c916e928606946209c20fb50898dabf120241fb528a244e2bd8cde1bd9e2/duckdb-1.5.0-cp313-cp313-macosx_11_0_arm64.whl", hash = "sha256:0ee4dabe03ed810d64d93927e0fd18cd137060b81ee75dcaeaaff32cbc816656", size = 14220272, upload-time = "2026-03-09T12:49:46.867Z" },
    { url = "https://files.pythonhosted.org/packages/53/07/1390e69db922423b2e111e32ed342b3e8fad0a31c144db70681ea1ba4d56/duckdb-1.5.0-cp313-cp313-manylinux_2_26_aarch64.manylinux_2_28_aarch64.whl", hash = "sha256:9409ed1184b363ddea239609c5926f5148ee412b8d9e5ffa617718d755d942f6", size = 19244401, upload-time = "2026-03-09T12:49:49.865Z" },
    { url = "https://files.pythonhosted.org/packages/54/13/b58d718415cde993823a54952ea511d2612302f1d2bc220549d0cef752a4/duckdb-1.5.0-cp313-cp313-manylinux_2_26_x86_64.manylinux_2_28_x86_64.whl", hash = "sha256:1df8c4f9c853a45f3ec1e79ed7fe1957a203e5ec893bbbb853e727eb93e0090f", size = 21345827, upload-time = "2026-03-09T12:49:52.977Z" },
    { url = "https://files.pythonhosted.org/packages/e0/96/4460429651e371eb5ff745a4790e7fa0509c7a58c71fc4f0f893404c9646/duckdb-1.5.0-cp313-cp313-win_amd64.whl", hash = "sha256:9a3d3dfa2d8bc74008ce3ad9564761ae23505a9e4282f6a36df29bd87249620b", size = 13053101, upload-time = "2026-03-09T12:49:56.134Z" },
    { url = "https://files.pythonhosted.org/packages/ba/54/6d5b805113214b830fa3c267bb3383fb8febaa30760d0162ef59aadb110a/duckdb-1.5.0-cp313-cp313-win_arm64.whl", hash = "sha256:2deebcbafd9d39c04f31ec968f4dd7cee832c021e10d96b32ab0752453e247c8", size = 13865071, upload-time = "2026-03-09T12:49:59.282Z" },
    { url = "https://files.pythonhosted.org/packages/66/9f/dd806d4e8ecd99006eb240068f34e1054533da1857ad06ac726305cd102d/duckdb-1.5.0-cp314-cp314-macosx_10_15_universal2.whl", hash = "sha256:d4b618de670cd2271dd7b3397508c7b3c62d8ea70c592c755643211a6f9154fa", size = 30065704, upload-time = "2026-03-09T12:50:02.671Z" },
    { url = "https://files.pythonhosted.org/packages/79/c2/7b7b8a5c65d5535c88a513e267b5e6d7a55ab3e9b67e4ddd474454653268/duckdb-1.5.0-cp314-cp314-macosx_10_15_x86_64.whl", hash = "sha256:065ae50cb185bac4b904287df72e6b4801b3bee2ad85679576dd712b8ba07021", size = 15964883, upload-time = "2026-03-09T12:50:06.343Z" },
    { url = "https://files.pythonhosted.org/packages/23/c5/9a52a2cdb228b8d8d191a603254364d929274d9cc7d285beada8f7daa712/duckdb-1.5.0-cp314-cp314-macosx_11_0_arm64.whl", hash = "sha256:6be5e48e287a24d98306ce9dd55093c3b105a8fbd8a2e7a45e13df34bf081985", size = 14221498, upload-time = "2026-03-09T12:50:10.567Z" },
    { url = "https://files.pythonhosted.org/packages/b8/68/646045cb97982702a8a143dc2e45f3bdcb79fbe2d559a98d74b8c160e5e2/duckdb-1.5.0-cp314-cp314-manylinux_2_26_aarch64.manylinux_2_28_aarch64.whl", hash = "sha256:a5ee41a0bf793882f02192ce105b9a113c3e8c505a27c7ef9437d7b756317113", size = 19249787, upload-time = "2026-03-09T12:50:13.524Z" },
    { url = "https://files.pythonhosted.org/packages/15/1b/5abf0c7f38febb3b4a231c784223fceccfd3f2bfd957699d786f46e41ce6/duckdb-1.5.0-cp314-cp314-manylinux_2_26_x86_64.manylinux_2_28_x86_64.whl", hash = "sha256:f8e42aaf3cd217417c5dc9ff522dc3939d18b25a6fe5f846348277e831e6f59c", size = 21351583, upload-time = "2026-03-09T12:50:16.701Z" },
    { url = "https://files.pythonhosted.org/packages/93/a4/a90f2901cc0a1ce7ca4f0564b8492b9dbfe048a6395b27933d46ae9be473/duckdb-1.5.0-cp314-cp314-win_amd64.whl", hash = "sha256:11ae50aaeda2145b50294ee0247e4f11fb9448b3cc3d2aea1cfc456637dfb977", size = 13575130, upload-time = "2026-03-09T12:50:19.716Z" },
    { url = "https://files.pythonhosted.org/packages/64/aa/f14dd5e241ec80d9f9d82196ca65e0c53badfc8a7a619d5497c5626657ad/duckdb-1.5.0-cp314-cp314-win_arm64.whl", hash = "sha256:d6d2858c734d1a7e7a1b6e9b8403b3fce26dfefb4e0a2479c420fba6cd36db36", size = 14341879, upload-time = "2026-03-09T12:50:22.347Z" },
]

[[package]]
name = "markdown-it-py"
version = "4.0.0"
source = { registry = "https://pypi.org/simple" }
dependencies = [
    { name = "mdurl" },
]
sdist = { url = "https://files.pythonhosted.org/packages/5b/f5/4ec618ed16cc4f8fb3b701563655a69816155e79e24a17b651541804721d/markdown_it_py-4.0.0.tar.gz", hash = "sha256:cb0a2b4aa34f932c007117b194e945bd74e0ec24133ceb5bac59009cda1cb9f3", size = 73070, upload-time = "2025-08-11T12:57:52.854Z" }
wheels = [
    { url = "https://files.pythonhosted.org/packages/94/54/e7d793b573f298e1c9013b8c4dade17d481164aa517d1d7148619c2cedbf/markdown_it_py-4.0.0-py3-none-any.whl", hash = "sha256:87327c59b172c5011896038353a81343b6754500a08cd7a4973bb48c6d578147", size = 87321, upload-time = "2025-08-11T12:57:51.923Z" },
]

[[package]]
name = "mdurl"
version = "0.1.2"
source = { registry = "https://pypi.org/simple" }
sdist = { url = "https://files.pythonhosted.org/packages/d6/54/cfe61301667036ec958cb99bd3efefba235e65cdeb9c84d24a8293ba1d90/mdurl-0.1.2.tar.gz", hash = "sha256:bb413d29f5eea38f31dd4754dd7377d4465116fb207585f97bf925588687c1ba", size = 8729, upload-time = "2022-08-14T12:40:10.846Z" }
wheels = [
    { url = "https://files.pythonhosted.org/packages/b3/38/89ba8ad64ae25be8de66a6d463314cf1eb366222074cfda9ee839c56a4b4/mdurl-0.1.2-py3-none-any.whl", hash = "sha256:84008a41e51615a49fc9966191ff91509e3c40b939176e643fd50a5c2196b8f8", size = 9979, upload-time = "2022-08-14T12:40:09.779Z" },
]

[[package]]
name = "networkx"
version = "3.6.1"
source = { registry = "https://pypi.org/simple" }
sdist = { url = "https://files.pythonhosted.org/packages/6a/51/63fe664f3908c97be9d2e4f1158eb633317598cfa6e1fc14af5383f17512/networkx-3.6.1.tar.gz", hash = "sha256:26b7c357accc0c8cde558ad486283728b65b6a95d85ee1cd66bafab4c8168509", size = 2517025, upload-time = "2025-12-08T17:02:39.908Z" }
wheels = [
    { url = "https://files.pythonhosted.org/packages/9e/c9/b2622292ea83fbb4ec318f5b9ab867d0a28ab43c5717bb85b0a5f6b3b0a4/networkx-3.6.1-py3-none-any.whl", hash = "sha256:d47fbf302e7d9cbbb9e2555a0d267983d2aa476bac30e90dfbe5669bd57f3762", size = 2068504, upload-time = "2025-12-08T17:02:38.159Z" },
]

[[package]]
name = "pygments"
version = "2.19.2"
source = { registry = "https://pypi.org/simple" }
sdist = { url = "https://files.pythonhosted.org/packages/b0/77/a5b8c569bf593b0140bde72ea885a803b82086995367bf2037de0159d924/pygments-2.19.2.tar.gz", hash = "sha256:636cb2477cec7f8952536970bc533bc43743542f70392ae026374600add5b887", size = 4968631, upload-time = "2025-06-21T13:39:12.283Z" }
wheels = [
    { url = "https://files.pythonhosted.org/packages/c7/21/705964c7812476f378728bdf590ca4b771ec72385c533964653c68e86bdc/pygments-2.19.2-py3-none-any.whl", hash = "sha256:86540386c03d588bb81d44bc3928634ff26449851e99741617ecb9037ee5ec0b", size = 1225217, upload-time = "2025-06-21T13:39:07.939Z" },
]

[[package]]
name = "rich"
version = "14.3.3"
source = { registry = "https://pypi.org/simple" }
dependencies = [
    { name = "markdown-it-py" },
    { name = "pygments" },
]
sdist = { url = "https://files.pythonhosted.org/packages/b3/c6/f3b320c27991c46f43ee9d856302c70dc2d0fb2dba4842ff739d5f46b393/rich-14.3.3.tar.gz", hash = "sha256:b8daa0b9e4eef54dd8cf7c86c03713f53241884e814f4e2f5fb342fe520f639b", size = 230582, upload-time = "2026-02-19T17:23:12.474Z" }
wheels = [
    { url = "https://files.pythonhosted.org/packages/14/25/b208c5683343959b670dc001595f2f3737e051da617f66c31f7c4fa93abc/rich-14.3.3-py3-none-any.whl", hash = "sha256:793431c1f8619afa7d3b52b2cdec859562b950ea0d4b6b505397612db8d5362d", size = 310458, upload-time = "2026-02-19T17:23:13.732Z" },
]
